
Microsoft Visual Studio Solution File, Format Version 12.00
# Visual Studio Version 16
VisualStudioVersion = 16.0.30204.135
MinimumVisualStudioVersion = 10.0.40219.1
Project("{FAE04EC0-301F-11D3-BF4B-00C04F79EFBC}") = "WPfLesson7", "WPfLesson7\WPfLesson7.csproj", "{0152C190-BBCE-430D-B96B-BD43C2E66206}"
EndProject
Global
	GlobalSection(SolutionConfigurationPlatforms) = preSolution
		Debug|Any CPU = Debug|Any CPU
		Release|Any CPU = Release|Any CPU
	EndGlobalSection
	GlobalSection(ProjectConfigurationPlatforms) = postSolution
		{0152C190-BBCE-430D-B96B-BD43C2E66206}.Debug|Any CPU.ActiveCfg = Debug|Any CPU
		{0152C190-BBCE-430D-B96B-BD43C2E66206}.Debug|Any CPU.Build.0 = Debug|Any CPU
		{0152C190-BBCE-430D-B96B-BD43C2E66206}.Release|Any CPU.ActiveCfg = Release|Any CPU
		{0152C190-BBCE-430D-B96B-BD43C2E66206}.Release|Any CPU.Build.0 = Release|Any CPU
	EndGlobalSection
	GlobalSection(SolutionProperties) = preSolution
		HideSolutionNode = FALSE
	EndGlobalSection
	GlobalSection(ExtensibilityGlobals) = postSolution
		SolutionGuid = {8DAB5215-A796-4563-8D25-85932DF8D798}
	EndGlobalSection
EndGlobal
